{
    "_readme": [
        "This file locks the dependencies of your project to a known state",
        "Read more about it at https://getcomposer.org/doc/01-basic-usage.md#composer-lock-the-lock-file",
        "This file is @generated automatically"
    ],
    "content-hash": "dc9969555dfbe60c21b1e084c227551e",
    "packages": [
        {
            "name": "llagerlof/moodlerest",
            "version": "2.3.0",
            "source": {
                "type": "git",
                "url": "https://github.com/llagerlof/MoodleRest.git",
                "reference": "9ddccb80b0778d3297d9815fc33849337c38046e"
            },
            "dist": {
                "type": "zip",
                "url": "https://api.github.com/repos/llagerlof/MoodleRest/zipball/9ddccb80b0778d3297d9815fc33849337c38046e",
                "reference": "9ddccb80b0778d3297d9815fc33849337c38046e",
                "shasum": ""
            },
            "type": "library",
            "autoload": {
                "classmap": [
                    "MoodleRest.php"
                ]
            },
            "notification-url": "https://packagist.org/downloads/",
            "license": [
                "MIT"
            ],
            "authors": [
                {
                    "name": "Lawrence Lagerlof",
                    "email": "llagerlof@gmail.com"
                }
            ],
            "description": "MoodleRest is a PHP class to query Moodle REST webservices",
            "homepage": "https://github.com/llagerlof",
            "time": "2019-12-20T12:04:37+00:00"
        }
    ],
    "packages-dev": [],
    "aliases": [],
    "minimum-stability": "stable",
    "stability-flags": [],
    "prefer-stable": false,
    "prefer-lowest": false,
    "platform": [],
    "platform-dev": []
}
